
Microsoft Visual Studio Solution File, Format Version 12.00
# Visual Studio Version 16
VisualStudioVersion = 16.0.29201.188
MinimumVisualStudioVersion = 10.0.40219.1
Project("{2150E333-8FDC-42A3-9474-1A3956D46DE8}") = "01.ConnectDb", "01.ConnectDb", "{BA3CFD3E-7E34-4082-AAE0-A920D091F6BE}"
EndProject
Project("{2150E333-8FDC-42A3-9474-1A3956D46DE8}") = "02.Domain", "02.Domain", "{594F312D-D92F-407B-8671-F30D4138C3C2}"
EndProject
Project("{2150E333-8FDC-42A3-9474-1A3956D46DE8}") = "03.Repository", "03.Repository", "{822E06B5-2503-47CF-BBD9-3D099BBA0D81}"
EndProject
Project("{2150E333-8FDC-42A3-9474-1A3956D46DE8}") = "04.Business", "04.Business", "{A19D66F9-93FA-4B93-A117-151A376D6451}"
EndProject
Project("{2150E333-8FDC-42A3-9474-1A3956D46DE8}") = "05.Presentation", "05.Presentation", "{AE9DDB4F-B063-4335-897A-5DB73D2040B2}"
EndProject
Project("{F184B08F-C81C-45F6-A57F-5ABD9991F28F}") = "QuanLyBanHang", "05.Presentation\QuanLyBanHang\QuanLyBanHang.vbproj", "{FEC2771C-0182-49A5-B37A-B2E5782AFF0B}"
EndProject
Project("{FAE04EC0-301F-11D3-BF4B-00C04F79EFBC}") = "ConnectDataBase", "01.ConnectDB\ConnectDataBase\ConnectDataBase.csproj", "{70C7D070-DC2E-407C-BE6F-D56266A906BE}"
EndProject
Project("{FAE04EC0-301F-11D3-BF4B-00C04F79EFBC}") = "Customer", "02.Domain\Customer\Customer.csproj", "{4EB36E77-55FA-42CD-9097-CB059E6B8B9A}"
EndProject
Project("{FAE04EC0-301F-11D3-BF4B-00C04F79EFBC}") = "Employee", "02.Domain\Employee\Employee.csproj", "{09D98858-5709-4A66-AE43-C1E96CAD1308}"
EndProject
Project("{FAE04EC0-301F-11D3-BF4B-00C04F79EFBC}") = "Product", "02.Domain\Product\Product.csproj", "{AFA38113-F47B-4862-A079-47C180C49236}"
EndProject
Project("{FAE04EC0-301F-11D3-BF4B-00C04F79EFBC}") = "Sale", "02.Domain\Sale\Sale.csproj", "{7C8D4995-D842-46A9-B3DA-487A6557EE86}"
EndProject
Project("{FAE04EC0-301F-11D3-BF4B-00C04F79EFBC}") = "User", "02.Domain\User\User.csproj", "{F237BA8C-1960-4E47-81AA-0D56C6781494}"
EndProject
Project("{FAE04EC0-301F-11D3-BF4B-00C04F79EFBC}") = "ProductRepository", "03.Repository\ProductRepository\ProductRepository.csproj", "{DD875AE1-ECFB-4CF3-9D44-CA8208611306}"
EndProject
Project("{FAE04EC0-301F-11D3-BF4B-00C04F79EFBC}") = "SaleRepository", "03.Repository\SaleRepository\SaleRepository.csproj", "{B63C298C-0EEC-47D5-8562-4866DD3A8E8B}"
EndProject
Project("{FAE04EC0-301F-11D3-BF4B-00C04F79EFBC}") = "ProductBusiness", "04.Business\ProductBusiness\ProductBusiness.csproj", "{D60947CB-3CF9-4FE4-B3DA-F114981E916E}"
EndProject
Project("{FAE04EC0-301F-11D3-BF4B-00C04F79EFBC}") = "SaleBusiness", "04.Business\SaleBusiness\SaleBusiness.csproj", "{31E6D3D2-3526-4642-9A15-E7C3B3BA01C0}"
EndProject
Global
	GlobalSection(SolutionConfigurationPlatforms) = preSolution
		Debug|Any CPU = Debug|Any CPU
		Release|Any CPU = Release|Any CPU
	EndGlobalSection
	GlobalSection(ProjectConfigurationPlatforms) = postSolution
		{FEC2771C-0182-49A5-B37A-B2E5782AFF0B}.Debug|Any CPU.ActiveCfg = Debug|Any CPU
		{FEC2771C-0182-49A5-B37A-B2E5782AFF0B}.Debug|Any CPU.Build.0 = Debug|Any CPU
		{FEC2771C-0182-49A5-B37A-B2E5782AFF0B}.Release|Any CPU.ActiveCfg = Release|Any CPU
		{FEC2771C-0182-49A5-B37A-B2E5782AFF0B}.Release|Any CPU.Build.0 = Release|Any CPU
		{70C7D070-DC2E-407C-BE6F-D56266A906BE}.Debug|Any CPU.ActiveCfg = Debug|Any CPU
		{70C7D070-DC2E-407C-BE6F-D56266A906BE}.Debug|Any CPU.Build.0 = Debug|Any CPU
		{70C7D070-DC2E-407C-BE6F-D56266A906BE}.Release|Any CPU.ActiveCfg = Release|Any CPU
		{70C7D070-DC2E-407C-BE6F-D56266A906BE}.Release|Any CPU.Build.0 = Release|Any CPU
		{4EB36E77-55FA-42CD-9097-CB059E6B8B9A}.Debug|Any CPU.ActiveCfg = Debug|Any CPU
		{4EB36E77-55FA-42CD-9097-CB059E6B8B9A}.Debug|Any CPU.Build.0 = Debug|Any CPU
		{4EB36E77-55FA-42CD-9097-CB059E6B8B9A}.Release|Any CPU.ActiveCfg = Release|Any CPU
		{4EB36E77-55FA-42CD-9097-CB059E6B8B9A}.Release|Any CPU.Build.0 = Release|Any CPU
		{09D98858-5709-4A66-AE43-C1E96CAD1308}.Debug|Any CPU.ActiveCfg = Debug|Any CPU
		{09D98858-5709-4A66-AE43-C1E96CAD1308}.Debug|Any CPU.Build.0 = Debug|Any CPU
		{09D98858-5709-4A66-AE43-C1E96CAD1308}.Release|Any CPU.ActiveCfg = Release|Any CPU
		{09D98858-5709-4A66-AE43-C1E96CAD1308}.Release|Any CPU.Build.0 = Release|Any CPU
		{AFA38113-F47B-4862-A079-47C180C49236}.Debug|Any CPU.ActiveCfg = Debug|Any CPU
		{AFA38113-F47B-4862-A079-47C180C49236}.Debug|Any CPU.Build.0 = Debug|Any CPU
		{AFA38113-F47B-4862-A079-47C180C49236}.Release|Any CPU.ActiveCfg = Release|Any CPU
		{AFA38113-F47B-4862-A079-47C180C49236}.Release|Any CPU.Build.0 = Release|Any CPU
		{7C8D4995-D842-46A9-B3DA-487A6557EE86}.Debug|Any CPU.ActiveCfg = Debug|Any CPU
		{7C8D4995-D842-46A9-B3DA-487A6557EE86}.Debug|Any CPU.Build.0 = Debug|Any CPU
		{7C8D4995-D842-46A9-B3DA-487A6557EE86}.Release|Any CPU.ActiveCfg = Release|Any CPU
		{7C8D4995-D842-46A9-B3DA-487A6557EE86}.Release|Any CPU.Build.0 = Release|Any CPU
		{F237BA8C-1960-4E47-81AA-0D56C6781494}.Debug|Any CPU.ActiveCfg = Debug|Any CPU
		{F237BA8C-1960-4E47-81AA-0D56C6781494}.Debug|Any CPU.Build.0 = Debug|Any CPU
		{F237BA8C-1960-4E47-81AA-0D56C6781494}.Release|Any CPU.ActiveCfg = Release|Any CPU
		{F237BA8C-1960-4E47-81AA-0D56C6781494}.Release|Any CPU.Build.0 = Release|Any CPU
		{DD875AE1-ECFB-4CF3-9D44-CA8208611306}.Debug|Any CPU.ActiveCfg = Debug|Any CPU
		{DD875AE1-ECFB-4CF3-9D44-CA8208611306}.Debug|Any CPU.Build.0 = Debug|Any CPU
		{DD875AE1-ECFB-4CF3-9D44-CA8208611306}.Release|Any CPU.ActiveCfg = Release|Any CPU
		{DD875AE1-ECFB-4CF3-9D44-CA8208611306}.Release|Any CPU.Build.0 = Release|Any CPU
		{B63C298C-0EEC-47D5-8562-4866DD3A8E8B}.Debug|Any CPU.ActiveCfg = Debug|Any CPU
		{B63C298C-0EEC-47D5-8562-4866DD3A8E8B}.Debug|Any CPU.Build.0 = Debug|Any CPU
		{B63C298C-0EEC-47D5-8562-4866DD3A8E8B}.Release|Any CPU.ActiveCfg = Release|Any CPU
		{B63C298C-0EEC-47D5-8562-4866DD3A8E8B}.Release|Any CPU.Build.0 = Release|Any CPU
		{D60947CB-3CF9-4FE4-B3DA-F114981E916E}.Debug|Any CPU.ActiveCfg = Debug|Any CPU
		{D60947CB-3CF9-4FE4-B3DA-F114981E916E}.Debug|Any CPU.Build.0 = Debug|Any CPU
		{D60947CB-3CF9-4FE4-B3DA-F114981E916E}.Release|Any CPU.ActiveCfg = Release|Any CPU
		{D60947CB-3CF9-4FE4-B3DA-F114981E916E}.Release|Any CPU.Build.0 = Release|Any CPU
		{31E6D3D2-3526-4642-9A15-E7C3B3BA01C0}.Debug|Any CPU.ActiveCfg = Debug|Any CPU
		{31E6D3D2-3526-4642-9A15-E7C3B3BA01C0}.Debug|Any CPU.Build.0 = Debug|Any CPU
		{31E6D3D2-3526-4642-9A15-E7C3B3BA01C0}.Release|Any CPU.ActiveCfg = Release|Any CPU
		{31E6D3D2-3526-4642-9A15-E7C3B3BA01C0}.Release|Any CPU.Build.0 = Release|Any CPU
	EndGlobalSection
	GlobalSection(SolutionProperties) = preSolution
		HideSolutionNode = FALSE
	EndGlobalSection
	GlobalSection(NestedProjects) = preSolution
		{FEC2771C-0182-49A5-B37A-B2E5782AFF0B} = {AE9DDB4F-B063-4335-897A-5DB73D2040B2}
		{70C7D070-DC2E-407C-BE6F-D56266A906BE} = {BA3CFD3E-7E34-4082-AAE0-A920D091F6BE}
		{4EB36E77-55FA-42CD-9097-CB059E6B8B9A} = {594F312D-D92F-407B-8671-F30D4138C3C2}
		{09D98858-5709-4A66-AE43-C1E96CAD1308} = {594F312D-D92F-407B-8671-F30D4138C3C2}
		{AFA38113-F47B-4862-A079-47C180C49236} = {594F312D-D92F-407B-8671-F30D4138C3C2}
		{7C8D4995-D842-46A9-B3DA-487A6557EE86} = {594F312D-D92F-407B-8671-F30D4138C3C2}
		{F237BA8C-1960-4E47-81AA-0D56C6781494} = {594F312D-D92F-407B-8671-F30D4138C3C2}
		{DD875AE1-ECFB-4CF3-9D44-CA8208611306} = {822E06B5-2503-47CF-BBD9-3D099BBA0D81}
		{B63C298C-0EEC-47D5-8562-4866DD3A8E8B} = {822E06B5-2503-47CF-BBD9-3D099BBA0D81}
		{D60947CB-3CF9-4FE4-B3DA-F114981E916E} = {A19D66F9-93FA-4B93-A117-151A376D6451}
		{31E6D3D2-3526-4642-9A15-E7C3B3BA01C0} = {A19D66F9-93FA-4B93-A117-151A376D6451}
	EndGlobalSection
	GlobalSection(ExtensibilityGlobals) = postSolution
		SolutionGuid = {82B3E032-884B-454B-AE80-5A4ABA23A796}
	EndGlobalSection
EndGlobal
